
Microsoft Visual Studio Solution File, Format Version 12.00
# Visual Studio Version 17
VisualStudioVersion = 17.0.31903.59
MinimumVisualStudioVersion = 10.0.40219.1
Project("{FAE04EC0-301F-11D3-BF4B-00C04F79EFBC}") = "Bank.Domain", "Bank.Domain\Bank.Domain.csproj", "{6A23658A-81C0-418D-838C-7C9A61C62F97}"
EndProject
Project("{FAE04EC0-301F-11D3-BF4B-00C04F79EFBC}") = "Bank.Domain.Tests", "Bank.Domain.Tests\Bank.Domain.Tests.csproj", "{2F43B670-91E1-4684-BCE1-C99EDD5D1615}"
EndProject
Project("{FAE04EC0-301F-11D3-BF4B-00C04F79EFBC}") = "Bank.WebApi", "Bank.WebApi\Bank.WebApi.csproj", "{699AE6CA-EECD-429D-A74F-D469F5CFBBFD}"
EndProject
Project("{FAE04EC0-301F-11D3-BF4B-00C04F79EFBC}") = "Bank.WebApi.Tests", "Bank.WebApi.Tests\Bank.WebApi.Tests.csproj", "{45CC5D6D-5096-4744-A03A-B37DDC43044C}"
EndProject
Global
	GlobalSection(SolutionConfigurationPlatforms) = preSolution
		Debug|Any CPU = Debug|Any CPU
		Debug|x64 = Debug|x64
		Debug|x86 = Debug|x86
		Release|Any CPU = Release|Any CPU
		Release|x64 = Release|x64
		Release|x86 = Release|x86
	EndGlobalSection
	GlobalSection(ProjectConfigurationPlatforms) = postSolution
		{6A23658A-81C0-418D-838C-7C9A61C62F97}.Debug|Any CPU.ActiveCfg = Debug|Any CPU
		{6A23658A-81C0-418D-838C-7C9A61C62F97}.Debug|Any CPU.Build.0 = Debug|Any CPU
		{6A23658A-81C0-418D-838C-7C9A61C62F97}.Debug|x64.ActiveCfg = Debug|Any CPU
		{6A23658A-81C0-418D-838C-7C9A61C62F97}.Debug|x64.Build.0 = Debug|Any CPU
		{6A23658A-81C0-418D-838C-7C9A61C62F97}.Debug|x86.ActiveCfg = Debug|Any CPU
		{6A23658A-81C0-418D-838C-7C9A61C62F97}.Debug|x86.Build.0 = Debug|Any CPU
		{6A23658A-81C0-418D-838C-7C9A61C62F97}.Release|Any CPU.ActiveCfg = Release|Any CPU
		{6A23658A-81C0-418D-838C-7C9A61C62F97}.Release|Any CPU.Build.0 = Release|Any CPU
		{6A23658A-81C0-418D-838C-7C9A61C62F97}.Release|x64.ActiveCfg = Release|Any CPU
		{6A23658A-81C0-418D-838C-7C9A61C62F97}.Release|x64.Build.0 = Release|Any CPU
		{6A23658A-81C0-418D-838C-7C9A61C62F97}.Release|x86.ActiveCfg = Release|Any CPU
		{6A23658A-81C0-418D-838C-7C9A61C62F97}.Release|x86.Build.0 = Release|Any CPU
		{2F43B670-91E1-4684-BCE1-C99EDD5D1615}.Debug|Any CPU.ActiveCfg = Debug|Any CPU
		{2F43B670-91E1-4684-BCE1-C99EDD5D1615}.Debug|Any CPU.Build.0 = Debug|Any CPU
		{2F43B670-91E1-4684-BCE1-C99EDD5D1615}.Debug|x64.ActiveCfg = Debug|Any CPU
		{2F43B670-91E1-4684-BCE1-C99EDD5D1615}.Debug|x64.Build.0 = Debug|Any CPU
		{2F43B670-91E1-4684-BCE1-C99EDD5D1615}.Debug|x86.ActiveCfg = Debug|Any CPU
		{2F43B670-91E1-4684-BCE1-C99EDD5D1615}.Debug|x86.Build.0 = Debug|Any CPU
		{2F43B670-91E1-4684-BCE1-C99EDD5D1615}.Release|Any CPU.ActiveCfg = Release|Any CPU
		{2F43B670-91E1-4684-BCE1-C99EDD5D1615}.Release|Any CPU.Build.0 = Release|Any CPU
		{2F43B670-91E1-4684-BCE1-C99EDD5D1615}.Release|x64.ActiveCfg = Release|Any CPU
		{2F43B670-91E1-4684-BCE1-C99EDD5D1615}.Release|x64.Build.0 = Release|Any CPU
		{2F43B670-91E1-4684-BCE1-C99EDD5D1615}.Release|x86.ActiveCfg = Release|Any CPU
		{2F43B670-91E1-4684-BCE1-C99EDD5D1615}.Release|x86.Build.0 = Release|Any CPU
		{699AE6CA-EECD-429D-A74F-D469F5CFBBFD}.Debug|Any CPU.ActiveCfg = Debug|Any CPU
		{699AE6CA-EECD-429D-A74F-D469F5CFBBFD}.Debug|Any CPU.Build.0 = Debug|Any CPU
		{699AE6CA-EECD-429D-A74F-D469F5CFBBFD}.Debug|x64.ActiveCfg = Debug|Any CPU
		{699AE6CA-EECD-429D-A74F-D469F5CFBBFD}.Debug|x64.Build.0 = Debug|Any CPU
		{699AE6CA-EECD-429D-A74F-D469F5CFBBFD}.Debug|x86.ActiveCfg = Debug|Any CPU
		{699AE6CA-EECD-429D-A74F-D469F5CFBBFD}.Debug|x86.Build.0 = Debug|Any CPU
		{699AE6CA-EECD-429D-A74F-D469F5CFBBFD}.Release|Any CPU.ActiveCfg = Release|Any CPU
		{699AE6CA-EECD-429D-A74F-D469F5CFBBFD}.Release|Any CPU.Build.0 = Release|Any CPU
		{699AE6CA-EECD-429D-A74F-D469F5CFBBFD}.Release|x64.ActiveCfg = Release|Any CPU
		{699AE6CA-EECD-429D-A74F-D469F5CFBBFD}.Release|x64.Build.0 = Release|Any CPU
		{699AE6CA-EECD-429D-A74F-D469F5CFBBFD}.Release|x86.ActiveCfg = Release|Any CPU
		{699AE6CA-EECD-429D-A74F-D469F5CFBBFD}.Release|x86.Build.0 = Release|Any CPU
		{45CC5D6D-5096-4744-A03A-B37DDC43044C}.Debug|Any CPU.ActiveCfg = Debug|Any CPU
		{45CC5D6D-5096-4744-A03A-B37DDC43044C}.Debug|Any CPU.Build.0 = Debug|Any CPU
		{45CC5D6D-5096-4744-A03A-B37DDC43044C}.Debug|x64.ActiveCfg = Debug|Any CPU
		{45CC5D6D-5096-4744-A03A-B37DDC43044C}.Debug|x64.Build.0 = Debug|Any CPU
		{45CC5D6D-5096-4744-A03A-B37DDC43044C}.Debug|x86.ActiveCfg = Debug|Any CPU
		{45CC5D6D-5096-4744-A03A-B37DDC43044C}.Debug|x86.Build.0 = Debug|Any CPU
		{45CC5D6D-5096-4744-A03A-B37DDC43044C}.Release|Any CPU.ActiveCfg = Release|Any CPU
		{45CC5D6D-5096-4744-A03A-B37DDC43044C}.Release|Any CPU.Build.0 = Release|Any CPU
		{45CC5D6D-5096-4744-A03A-B37DDC43044C}.Release|x64.ActiveCfg = Release|Any CPU
		{45CC5D6D-5096-4744-A03A-B37DDC43044C}.Release|x64.Build.0 = Release|Any CPU
		{45CC5D6D-5096-4744-A03A-B37DDC43044C}.Release|x86.ActiveCfg = Release|Any CPU
		{45CC5D6D-5096-4744-A03A-B37DDC43044C}.Release|x86.Build.0 = Release|Any CPU
	EndGlobalSection
	GlobalSection(SolutionProperties) = preSolution
		HideSolutionNode = FALSE
	EndGlobalSection
EndGlobal
